
Microsoft Visual Studio Solution File, Format Version 12.00
# Visual Studio Version 16
VisualStudioVersion = 16.0.30320.27
MinimumVisualStudioVersion = 15.0.26124.0
Project("{9A19103F-16F7-4668-BE54-9A1E7A4F7556}") = "ExceptionHandling", "ExceptionHandling\ExceptionHandling.csproj", "{B6CAA294-FDB9-467A-AB7F-328F55E296AD}"
EndProject
Project("{9A19103F-16F7-4668-BE54-9A1E7A4F7556}") = "ExceptionHandling.Tests", "ExceptionHandling.Tests\ExceptionHandling.Tests.csproj", "{82FA0535-26AC-4D18-B715-5E7665FC08AF}"
EndProject
Project("{2150E333-8FDC-42A3-9474-1A3956D46DE8}") = "Solution Items", "Solution Items", "{44ADBC17-9859-481A-955E-150BD38097C1}"
	ProjectSection(SolutionItems) = preProject
		README.md = README.md
	EndProjectSection
EndProject
Global
	GlobalSection(SolutionConfigurationPlatforms) = preSolution
		Debug|Any CPU = Debug|Any CPU
		Debug|x64 = Debug|x64
		Debug|x86 = Debug|x86
		Release|Any CPU = Release|Any CPU
		Release|x64 = Release|x64
		Release|x86 = Release|x86
	EndGlobalSection
	GlobalSection(ProjectConfigurationPlatforms) = postSolution
		{B6CAA294-FDB9-467A-AB7F-328F55E296AD}.Debug|Any CPU.ActiveCfg = Debug|Any CPU
		{B6CAA294-FDB9-467A-AB7F-328F55E296AD}.Debug|Any CPU.Build.0 = Debug|Any CPU
		{B6CAA294-FDB9-467A-AB7F-328F55E296AD}.Debug|x64.ActiveCfg = Debug|Any CPU
		{B6CAA294-FDB9-467A-AB7F-328F55E296AD}.Debug|x64.Build.0 = Debug|Any CPU
		{B6CAA294-FDB9-467A-AB7F-328F55E296AD}.Debug|x86.ActiveCfg = Debug|Any CPU
		{B6CAA294-FDB9-467A-AB7F-328F55E296AD}.Debug|x86.Build.0 = Debug|Any CPU
		{B6CAA294-FDB9-467A-AB7F-328F55E296AD}.Release|Any CPU.ActiveCfg = Release|Any CPU
		{B6CAA294-FDB9-467A-AB7F-328F55E296AD}.Release|Any CPU.Build.0 = Release|Any CPU
		{B6CAA294-FDB9-467A-AB7F-328F55E296AD}.Release|x64.ActiveCfg = Release|Any CPU
		{B6CAA294-FDB9-467A-AB7F-328F55E296AD}.Release|x64.Build.0 = Release|Any CPU
		{B6CAA294-FDB9-467A-AB7F-328F55E296AD}.Release|x86.ActiveCfg = Release|Any CPU
		{B6CAA294-FDB9-467A-AB7F-328F55E296AD}.Release|x86.Build.0 = Release|Any CPU
		{82FA0535-26AC-4D18-B715-5E7665FC08AF}.Debug|Any CPU.ActiveCfg = Debug|Any CPU
		{82FA0535-26AC-4D18-B715-5E7665FC08AF}.Debug|Any CPU.Build.0 = Debug|Any CPU
		{82FA0535-26AC-4D18-B715-5E7665FC08AF}.Debug|x64.ActiveCfg = Debug|Any CPU
		{82FA0535-26AC-4D18-B715-5E7665FC08AF}.Debug|x64.Build.0 = Debug|Any CPU
		{82FA0535-26AC-4D18-B715-5E7665FC08AF}.Debug|x86.ActiveCfg = Debug|Any CPU
		{82FA0535-26AC-4D18-B715-5E7665FC08AF}.Debug|x86.Build.0 = Debug|Any CPU
		{82FA0535-26AC-4D18-B715-5E7665FC08AF}.Release|Any CPU.ActiveCfg = Release|Any CPU
		{82FA0535-26AC-4D18-B715-5E7665FC08AF}.Release|Any CPU.Build.0 = Release|Any CPU
		{82FA0535-26AC-4D18-B715-5E7665FC08AF}.Release|x64.ActiveCfg = Release|Any CPU
		{82FA0535-26AC-4D18-B715-5E7665FC08AF}.Release|x64.Build.0 = Release|Any CPU
		{82FA0535-26AC-4D18-B715-5E7665FC08AF}.Release|x86.ActiveCfg = Release|Any CPU
		{82FA0535-26AC-4D18-B715-5E7665FC08AF}.Release|x86.Build.0 = Release|Any CPU
	EndGlobalSection
	GlobalSection(SolutionProperties) = preSolution
		HideSolutionNode = FALSE
	EndGlobalSection
	GlobalSection(ExtensibilityGlobals) = postSolution
		SolutionGuid = {AD473A71-9D25-4884-B0DD-A3FE3A39E5DE}
	EndGlobalSection
EndGlobal
